// !$*UTF8*$!
{
	archiveVersion = 1;
	classes = {
	};
	objectVersion = 50;
	objects = {

/* Begin PBXBuildFile section */
		13571D482683911100C36DEA /* AppDelegate.m in Sources */ = {isa = PBXBuildFile; fileRef = 13571D472683911100C36DEA /* AppDelegate.m */; };
		13571D4B2683911100C36DEA /* SceneDelegate.m in Sources */ = {isa = PBXBuildFile; fileRef = 13571D4A2683911100C36DEA /* SceneDelegate.m */; };
		13571D4E2683911100C36DEA /* ViewController.m in Sources */ = {isa = PBXBuildFile; fileRef = 13571D4D2683911100C36DEA /* ViewController.m */; };
		13571D512683911100C36DEA /* Main.storyboard in Resources */ = {isa = PBXBuildFile; fileRef = 13571D4F2683911100C36DEA /* Main.storyboard */; };
		13571D532683911200C36DEA /* Assets.xcassets in Resources */ = {isa = PBXBuildFile; fileRef = 13571D522683911200C36DEA /* Assets.xcassets */; };
		13571D562683911200C36DEA /* LaunchScreen.storyboard in Resources */ = {isa = PBXBuildFile; fileRef = 13571D542683911200C36DEA /* LaunchScreen.storyboard */; };
		13571D592683911200C36DEA /* main.m in Sources */ = {isa = PBXBuildFile; fileRef = 13571D582683911200C36DEA /* main.m */; };
		13571D632683911200C36DEA /* FlixTests.m in Sources */ = {isa = PBXBuildFile; fileRef = 13571D622683911200C36DEA /* FlixTests.m */; };
		13571D6E2683911200C36DEA /* FlixUITests.m in Sources */ = {isa = PBXBuildFile; fileRef = 13571D6D2683911200C36DEA /* FlixUITests.m */; };
/* End PBXBuildFile section */

/* Begin PBXContainerItemProxy section */
		13571D5F2683911200C36DEA /* PBXContainerItemProxy */ = {
			isa = PBXContainerItemProxy;
			containerPortal = 13571D3B2683911100C36DEA /* Project object */;
			proxyType = 1;
			remoteGlobalIDString = 13571D422683911100C36DEA;
			remoteInfo = Flix;
		};
		13571D6A2683911200C36DEA /* PBXContainerItemProxy */ = {
			isa = PBXContainerItemProxy;
			containerPortal = 13571D3B2683911100C36DEA /* Project object */;
			proxyType = 1;
			remoteGlobalIDString = 13571D422683911100C36DEA;
			remoteInfo = Flix;
		};
/* End PBXContainerItemProxy section */

/* Begin PBXFileReference section */
		13571D432683911100C36DEA /* Flix.app */ = {isa = PBXFileReference; explicitFileType = wrapper.application; includeInIndex = 0; path = Flix.app; sourceTree = BUILT_PRODUCTS_DIR; };
		13571D462683911100C36DEA /* AppDelegate.h */ = {isa = PBXFileReference; lastKnownFileType = sourcecode.c.h; path = AppDelegate.h; sourceTree = "<group>"; };
		13571D472683911100C36DEA /* AppDelegate.m */ = {isa = PBXFileReference; lastKnownFileType = sourcecode.c.objc; path = AppDelegate.m; sourceTree = "<group>"; };
		13571D492683911100C36DEA /* SceneDelegate.h */ = {isa = PBXFileReference; lastKnownFileType = sourcecode.c.h; path = SceneDelegate.h; sourceTree = "<group>"; };
		13571D4A2683911100C36DEA /* SceneDelegate.m */ = {isa = PBXFileReference; lastKnownFileType = sourcecode.c.objc; path = SceneDelegate.m; sourceTree = "<group>"; };
		13571D4C2683911100C36DEA /* ViewController.h */ = {isa = PBXFileReference; lastKnownFileType = sourcecode.c.h; path = ViewController.h; sourceTree = "<group>"; };
		13571D4D2683911100C36DEA /* ViewController.m */ = {isa = PBXFileReference; lastKnownFileType = sourcecode.c.objc; path = ViewController.m; sourceTree = "<group>"; };
		13571D502683911100C36DEA /* Base */ = {isa = PBXFileReference; lastKnownFileType = file.storyboard; name = Base; path = Base.lproj/Main.storyboard; sourceTree = "<group>"; };
		13571D522683911200C36DEA /* Assets.xcassets */ = {isa = PBXFileReference; lastKnownFileType = folder.assetcatalog; path = Assets.xcassets; sourceTree = "<group>"; };
		13571D552683911200C36DEA /* Base */ = {isa = PBXFileReference; lastKnownFileType = file.storyboard; name = Base; path = Base.lproj/LaunchScreen.storyboard; sourceTree = "<group>"; };
		13571D572683911200C36DEA /* Info.plist */ = {isa = PBXFileReference; lastKnownFileType = text.plist.xml; path = Info.plist; sourceTree = "<group>"; };
		13571D582683911200C36DEA /* main.m */ = {isa = PBXFileReference; lastKnownFileType = sourcecode.c.objc; path = main.m; sourceTree = "<group>"; };
		13571D5E2683911200C36DEA /* FlixTests.xctest */ = {isa = PBXFileReference; explicitFileType = wrapper.cfbundle; includeInIndex = 0; path = FlixTests.xctest; sourceTree = BUILT_PRODUCTS_DIR; };
		13571D622683911200C36DEA /* FlixTests.m */ = {isa = PBXFileReference; lastKnownFileType = sourcecode.c.objc; path = FlixTests.m; sourceTree = "<group>"; };
		13571D642683911200C36DEA /* Info.plist */ = {isa = PBXFileReference; lastKnownFileType = text.plist.xml; path = Info.plist; sourceTree = "<group>"; };
		13571D692683911200C36DEA /* FlixUITests.xctest */ = {isa = PBXFileReference; explicitFileType = wrapper.cfbundle; includeInIndex = 0; path = FlixUITests.xctest; sourceTree = BUILT_PRODUCTS_DIR; };
		13571D6D2683911200C36DEA /* FlixUITests.m */ = {isa = PBXFileReference; lastKnownFileType = sourcecode.c.objc; path = FlixUITests.m; sourceTree = "<group>"; };
		13571D6F2683911200C36DEA /* Info.plist */ = {isa = PBXFileReference; lastKnownFileType = text.plist.xml; path = Info.plist; sourceTree = "<group>"; };
/* End PBXFileReference section */

/* Begin PBXFrameworksBuildPhase section */
		13571D402683911100C36DEA /* Frameworks */ = {
			isa = PBXFrameworksBuildPhase;
			buildActionMask = 2147483647;
			files = (
			);
			runOnlyForDeploymentPostprocessing = 0;
		};
		13571D5B2683911200C36DEA /* Frameworks */ = {
			isa = PBXFrameworksBuildPhase;
			buildActionMask = 2147483647;
			files = (
			);
			runOnlyForDeploymentPostprocessing = 0;
		};
		13571D662683911200C36DEA /* Frameworks */ = {
			isa = PBXFrameworksBuildPhase;
			buildActionMask = 2147483647;
			files = (
			);
			runOnlyForDeploymentPostprocessing = 0;
		};
/* End PBXFrameworksBuildPhase section */

/* Begin PBXGroup section */
		13571D3A2683911100C36DEA = {
			isa = PBXGroup;
			children = (
				13571D452683911100C36DEA /* Flix */,
				13571D612683911200C36DEA /* FlixTests */,
				13571D6C2683911200C36DEA /* FlixUITests */,
				13571D442683911100C36DEA /* Products */,
			);
			sourceTree = "<group>";
		};
		13571D442683911100C36DEA /* Products */ = {
			isa = PBXGroup;
			children = (
				13571D432683911100C36DEA /* Flix.app */,
				13571D5E2683911200C36DEA /* FlixTests.xctest */,
				13571D692683911200C36DEA /* FlixUITests.xctest */,
			);
			name = Products;
			sourceTree = "<group>";
		};
		13571D452683911100C36DEA /* Flix */ = {
			isa = PBXGroup;
			children = (
				13571D462683911100C36DEA /* AppDelegate.h */,
				13571D472683911100C36DEA /* AppDelegate.m */,
				13571D492683911100C36DEA /* SceneDelegate.h */,
				13571D4A2683911100C36DEA /* SceneDelegate.m */,
				13571D4C2683911100C36DEA /* ViewController.h */,
				13571D4D2683911100C36DEA /* ViewController.m */,
				13571D4F2683911100C36DEA /* Main.storyboard */,
				13571D522683911200C36DEA /* Assets.xcassets */,
				13571D542683911200C36DEA /* LaunchScreen.storyboard */,
				13571D572683911200C36DEA /* Info.plist */,
				13571D582683911200C36DEA /* main.m */,
			);
			path = Flix;
			sourceTree = "<group>";
		};
		13571D612683911200C36DEA /* FlixTests */ = {
			isa = PBXGroup;
			children = (
				13571D622683911200C36DEA /* FlixTests.m */,
				13571D642683911200C36DEA /* Info.plist */,
			);
			path = FlixTests;
			sourceTree = "<group>";
		};
		13571D6C2683911200C36DEA /* FlixUITests */ = {
			isa = PBXGroup;
			children = (
				13571D6D2683911200C36DEA /* FlixUITests.m */,
				13571D6F2683911200C36DEA /* Info.plist */,
			);
			path = FlixUITests;
			sourceTree = "<group>";
		};
/* End PBXGroup section */

/* Begin PBXNativeTarget section */
		13571D422683911100C36DEA /* Flix */ = {
			isa = PBXNativeTarget;
			buildConfigurationList = 13571D722683911200C36DEA /* Build configuration list for PBXNativeTarget "Flix" */;
			buildPhases = (
				13571D3F2683911100C36DEA /* Sources */,
				13571D402683911100C36DEA /* Frameworks */,
				13571D412683911100C36DEA /* Resources */,
			);
			buildRules = (
			);
			dependencies = (
			);
			name = Flix;
			productName = Flix;
			productReference = 13571D432683911100C36DEA /* Flix.app */;
			productType = "com.apple.product-type.application";
		};
		13571D5D2683911200C36DEA /* FlixTests */ = {
			isa = PBXNativeTarget;
			buildConfigurationList = 13571D752683911200C36DEA /* Build configuration list for PBXNativeTarget "FlixTests" */;
			buildPhases = (
				13571D5A2683911200C36DEA /* Sources */,
				13571D5B2683911200C36DEA /* Frameworks */,
				13571D5C2683911200C36DEA /* Resources */,
			);
			buildRules = (
			);
			dependencies = (
				13571D602683911200C36DEA /* PBXTargetDependency */,
			);
			name = FlixTests;
			productName = FlixTests;
			productReference = 13571D5E2683911200C36DEA /* FlixTests.xctest */;
			productType = "com.apple.product-type.bundle.unit-test";
		};
		13571D682683911200C36DEA /* FlixUITests */ = {
			isa = PBXNativeTarget;
			buildConfigurationList = 13571D782683911200C36DEA /* Build configuration list for PBXNativeTarget "FlixUITests" */;
			buildPhases = (
				13571D652683911200C36DEA /* Sources */,
				13571D662683911200C36DEA /* Frameworks */,
				13571D672683911200C36DEA /* Resources */,
			);
			buildRules = (
			);
			dependencies = (
				13571D6B2683911200C36DEA /* PBXTargetDependency */,
			);
			name = FlixUITests;
			productName = FlixUITests;
			productReference = 13571D692683911200C36DEA /* FlixUITests.xctest */;
			productType = "com.apple.product-type.bundle.ui-testing";
		};
/* End PBXNativeTarget section */

/* Begin PBXProject section */
		13571D3B2683911100C36DEA /* Project object */ = {
			isa = PBXProject;
			attributes = {
				LastUpgradeCheck = 1250;
				TargetAttributes = {
					13571D422683911100C36DEA = {
						CreatedOnToolsVersion = 12.5.1;
					};
					13571D5D2683911200C36DEA = {
						CreatedOnToolsVersion = 12.5.1;
						TestTargetID = 13571D422683911100C36DEA;
					};
					13571D682683911200C36DEA = {
						CreatedOnToolsVersion = 12.5.1;
						TestTargetID = 13571D422683911100C36DEA;
					};
				};
			};
			buildConfigurationList = 13571D3E2683911100C36DEA /* Build configuration list for PBXProject "Flix" */;
			compatibilityVersion = "Xcode 9.3";
			developmentRegion = en;
			hasScannedForEncodings = 0;
			knownRegions = (
				en,
				Base,
			);
			mainGroup = 13571D3A2683911100C36DEA;
			productRefGroup = 13571D442683911100C36DEA /* Products */;
			projectDirPath = "";
			projectRoot = "";
			targets = (
				13571D422683911100C36DEA /* Flix */,
				13571D5D2683911200C36DEA /* FlixTests */,
				13571D682683911200C36DEA /* FlixUITests */,
			);
		};
/* End PBXProject section */

/* Begin PBXResourcesBuildPhase section */
		13571D412683911100C36DEA /* Resources */ = {
			isa = PBXResourcesBuildPhase;
			buildActionMask = 2147483647;
			files = (
				13571D562683911200C36DEA /* LaunchScreen.storyboard in Resources */,
				13571D532683911200C36DEA /* Assets.xcassets in Resources */,
				13571D512683911100C36DEA /* Main.storyboard in Resources */,
			);
			runOnlyForDeploymentPostprocessing = 0;
		};
		13571D5C2683911200C36DEA /* Resources */ = {
			isa = PBXResourcesBuildPhase;
			buildActionMask = 2147483647;
			files = (
			);
			runOnlyForDeploymentPostprocessing = 0;
		};
		13571D672683911200C36DEA /* Resources */ = {
			isa = PBXResourcesBuildPhase;
			buildActionMask = 2147483647;
			files = (
			);
			runOnlyForDeploymentPostprocessing = 0;
		};
/* End PBXResourcesBuildPhase section */

/* Begin PBXSourcesBuildPhase section */
		13571D3F2683911100C36DEA /* Sources */ = {
			isa = PBXSourcesBuildPhase;
			buildActionMask = 2147483647;
			files = (
				13571D4E2683911100C36DEA /* ViewController.m in Sources */,
				13571D482683911100C36DEA /* AppDelegate.m in Sources */,
				13571D592683911200C36DEA /* main.m in Sources */,
				13571D4B2683911100C36DEA /* SceneDelegate.m in Sources */,
			);
			runOnlyForDeploymentPostprocessing = 0;
		};
		13571D5A2683911200C36DEA /* Sources */ = {
			isa = PBXSourcesBuildPhase;
			buildActionMask = 2147483647;
			files = (
				13571D632683911200C36DEA /* FlixTests.m in Sources */,
			);
			runOnlyForDeploymentPostprocessing = 0;
		};
		13571D652683911200C36DEA /* Sources */ = {
			isa = PBXSourcesBuildPhase;
			buildActionMask = 2147483647;
			files = (
				13571D6E2683911200C36DEA /* FlixUITests.m in Sources */,
			);
			runOnlyForDeploymentPostprocessing = 0;
		};
/* End PBXSourcesBuildPhase section */

/* Begin PBXTargetDependency section */
		13571D602683911200C36DEA /* PBXTargetDependency */ = {
			isa = PBXTargetDependency;
			target = 13571D422683911100C36DEA /* Flix */;
			targetProxy = 13571D5F2683911200C36DEA /* PBXContainerItemProxy */;
		};
		13571D6B2683911200C36DEA /* PBXTargetDependency */ = {
			isa = PBXTargetDependency;
			target = 13571D422683911100C36DEA /* Flix */;
			targetProxy = 13571D6A2683911200C36DEA /* PBXContainerItemProxy */;
		};
/* End PBXTargetDependency section */

/* Begin PBXVariantGroup section */
		13571D4F2683911100C36DEA /* Main.storyboard */ = {
			isa = PBXVariantGroup;
			children = (
				13571D502683911100C36DEA /* Base */,
			);
			name = Main.storyboard;
			sourceTree = "<group>";
		};
		13571D542683911200C36DEA /* LaunchScreen.storyboard */ = {
			isa = PBXVariantGroup;
			children = (
				13571D552683911200C36DEA /* Base */,
			);
			name = LaunchScreen.storyboard;
			sourceTree = "<group>";
		};
/* End PBXVariantGroup section */

/* Begin XCBuildConfiguration section */
		13571D702683911200C36DEA /* Debug */ = {
			isa = XCBuildConfiguration;
			buildSettings = {
				ALWAYS_SEARCH_USER_PATHS = NO;
				CLANG_ANALYZER_NONNULL = YES;
				CLANG_ANALYZER_NUMBER_OBJECT_CONVERSION = YES_AGGRESSIVE;
				CLANG_CXX_LANGUAGE_STANDARD = "gnu++14";
				CLANG_CXX_LIBRARY = "libc++";
				CLANG_ENABLE_MODULES = YES;
				CLANG_ENABLE_OBJC_ARC = YES;
				CLANG_ENABLE_OBJC_WEAK = YES;
				CLANG_WARN_BLOCK_CAPTURE_AUTORELEASING = YES;
				CLANG_WARN_BOOL_CONVERSION = YES;
				CLANG_WARN_COMMA = YES;
				CLANG_WARN_CONSTANT_CONVERSION = YES;
				CLANG_WARN_DEPRECATED_OBJC_IMPLEMENTATIONS = YES;
				CLANG_WARN_DIRECT_OBJC_ISA_USAGE = YES_ERROR;
				CLANG_WARN_DOCUMENTATION_COMMENTS = YES;
				CLANG_WARN_EMPTY_BODY = YES;
				CLANG_WARN_ENUM_CONVERSION = YES;
				CLANG_WARN_INFINITE_RECURSION = YES;
				CLANG_WARN_INT_CONVERSION = YES;
				CLANG_WARN_NON_LITERAL_NULL_CONVERSION = YES;
				CLANG_WARN_OBJC_IMPLICIT_RETAIN_SELF = YES;
				CLANG_WARN_OBJC_LITERAL_CONVERSION = YES;
				CLANG_WARN_OBJC_ROOT_CLASS = YES_ERROR;
				CLANG_WARN_QUOTED_INCLUDE_IN_FRAMEWORK_HEADER = YES;
				CLANG_WARN_RANGE_LOOP_ANALYSIS = YES;
				CLANG_WARN_STRICT_PROTOTYPES = YES;
				CLANG_WARN_SUSPICIOUS_MOVE = YES;
				CLANG_WARN_UNGUARDED_AVAILABILITY = YES_AGGRESSIVE;
				CLANG_WARN_UNREACHABLE_CODE = YES;
				CLANG_WARN__DUPLICATE_METHOD_MATCH = YES;
				COPY_PHASE_STRIP = NO;
				DEBUG_INFORMATION_FORMAT = dwarf;
				ENABLE_STRICT_OBJC_MSGSEND = YES;
				ENABLE_TESTABILITY = YES;
				GCC_C_LANGUAGE_STANDARD = gnu11;
				GCC_DYNAMIC_NO_PIC = NO;
				GCC_NO_COMMON_BLOCKS = YES;
				GCC_OPTIMIZATION_LEVEL = 0;
				GCC_PREPROCESSOR_DEFINITIONS = (
					"DEBUG=1",
					"$(inherited)",
				);
				GCC_WARN_64_TO_32_BIT_CONVERSION = YES;
				GCC_WARN_ABOUT_RETURN_TYPE = YES_ERROR;
				GCC_WARN_UNDECLARED_SELECTOR = YES;
				GCC_WARN_UNINITIALIZED_AUTOS = YES_AGGRESSIVE;
				GCC_WARN_UNUSED_FUNCTION = YES;
				GCC_WARN_UNUSED_VARIABLE = YES;
				IPHONEOS_DEPLOYMENT_TARGET = 14.5;
				MTL_ENABLE_DEBUG_INFO = INCLUDE_SOURCE;
				MTL_FAST_MATH = YES;
				ONLY_ACTIVE_ARCH = YES;
				SDKROOT = iphoneos;
			};
			name = Debug;
		};
		13571D712683911200C36DEA /* Release */ = {
			isa = XCBuildConfiguration;
			buildSettings = {
				ALWAYS_SEARCH_USER_PATHS = NO;
				CLANG_ANALYZER_NONNULL = YES;
				CLANG_ANALYZER_NUMBER_OBJECT_CONVERSION = YES_AGGRESSIVE;
				CLANG_CXX_LANGUAGE_STANDARD = "gnu++14";
				CLANG_CXX_LIBRARY = "libc++";
				CLANG_ENABLE_MODULES = YES;
				CLANG_ENABLE_OBJC_ARC = YES;
				CLANG_ENABLE_OBJC_WEAK = YES;
				CLANG_WARN_BLOCK_CAPTURE_AUTORELEASING = YES;
				CLANG_WARN_BOOL_CONVERSION = YES;
				CLANG_WARN_COMMA = YES;
				CLANG_WARN_CONSTANT_CONVERSION = YES;
				CLANG_WARN_DEPRECATED_OBJC_IMPLEMENTATIONS = YES;
				CLANG_WARN_DIRECT_OBJC_ISA_USAGE = YES_ERROR;
				CLANG_WARN_DOCUMENTATION_COMMENTS = YES;
				CLANG_WARN_EMPTY_BODY = YES;
				CLANG_WARN_ENUM_CONVERSION = YES;
				CLANG_WARN_INFINITE_RECURSION = YES;
				CLANG_WARN_INT_CONVERSION = YES;
				CLANG_WARN_NON_LITERAL_NULL_CONVERSION = YES;
				CLANG_WARN_OBJC_IMPLICIT_RETAIN_SELF = YES;
				CLANG_WARN_OBJC_LITERAL_CONVERSION = YES;
				CLANG_WARN_OBJC_ROOT_CLASS = YES_ERROR;
				CLANG_WARN_QUOTED_INCLUDE_IN_FRAMEWORK_HEADER = YES;
				CLANG_WARN_RANGE_LOOP_ANALYSIS = YES;
				CLANG_WARN_STRICT_PROTOTYPES = YES;
				CLANG_WARN_SUSPICIOUS_MOVE = YES;
				CLANG_WARN_UNGUARDED_AVAILABILITY = YES_AGGRESSIVE;
				CLANG_WARN_UNREACHABLE_CODE = YES;
				CLANG_WARN__DUPLICATE_METHOD_MATCH = YES;
				COPY_PHASE_STRIP = NO;
				DEBUG_INFORMATION_FORMAT = "dwarf-with-dsym";
				ENABLE_NS_ASSERTIONS = NO;
				ENABLE_STRICT_OBJC_MSGSEND = YES;
				GCC_C_LANGUAGE_STANDARD = gnu11;
				GCC_NO_COMMON_BLOCKS = YES;
				GCC_WARN_64_TO_32_BIT_CONVERSION = YES;
				GCC_WARN_ABOUT_RETURN_TYPE = YES_ERROR;
				GCC_WARN_UNDECLARED_SELECTOR = YES;
				GCC_WARN_UNINITIALIZED_AUTOS = YES_AGGRESSIVE;
				GCC_WARN_UNUSED_FUNCTION = YES;
				GCC_WARN_UNUSED_VARIABLE = YES;
				IPHONEOS_DEPLOYMENT_TARGET = 14.5;
				MTL_ENABLE_DEBUG_INFO = NO;
				MTL_FAST_MATH = YES;
				SDKROOT = iphoneos;
				VALIDATE_PRODUCT = YES;
			};
			name = Release;
		};
		13571D732683911200C36DEA /* Debug */ = {
			isa = XCBuildConfiguration;
			buildSettings = {
				ASSETCATALOG_COMPILER_APPICON_NAME = AppIcon;
				ASSETCATALOG_COMPILER_GLOBAL_ACCENT_COLOR_NAME = AccentColor;
				CODE_SIGN_STYLE = Automatic;
				DEVELOPMENT_TEAM = 94T6QT5MUW;
				INFOPLIST_FILE = Flix/Info.plist;
				LD_RUNPATH_SEARCH_PATHS = (
					"$(inherited)",
					"@executable_path/Frameworks",
				);
				PRODUCT_BUNDLE_IDENTIFIER = com.zavien.Flix;
				PRODUCT_NAME = "$(TARGET_NAME)";
				TARGETED_DEVICE_FAMILY = "1,2";
			};
			name = Debug;
		};
		13571D742683911200C36DEA /* Release */ = {
			isa = XCBuildConfiguration;
			buildSettings = {
				ASSETCATALOG_COMPILER_APPICON_NAME = AppIcon;
				ASSETCATALOG_COMPILER_GLOBAL_ACCENT_COLOR_NAME = AccentColor;
				CODE_SIGN_STYLE = Automatic;
				DEVELOPMENT_TEAM = 94T6QT5MUW;
				INFOPLIST_FILE = Flix/Info.plist;
				LD_RUNPATH_SEARCH_PATHS = (
					"$(inherited)",
					"@executable_path/Frameworks",
				);
				PRODUCT_BUNDLE_IDENTIFIER = com.zavien.Flix;
				PRODUCT_NAME = "$(TARGET_NAME)";
				TARGETED_DEVICE_FAMILY = "1,2";
			};
			name = Release;
		};
		13571D762683911200C36DEA /* Debug */ = {
			isa = XCBuildConfiguration;
			buildSettings = {
				BUNDLE_LOADER = "$(TEST_HOST)";
				CODE_SIGN_STYLE = Automatic;
				DEVELOPMENT_TEAM = 94T6QT5MUW;
				INFOPLIST_FILE = FlixTests/Info.plist;
				IPHONEOS_DEPLOYMENT_TARGET = 14.5;
				LD_RUNPATH_SEARCH_PATHS = (
					"$(inherited)",
					"@executable_path/Frameworks",
					"@loader_path/Frameworks",
				);
				PRODUCT_BUNDLE_IDENTIFIER = com.zavien.FlixTests;
				PRODUCT_NAME = "$(TARGET_NAME)";
				TARGETED_DEVICE_FAMILY = "1,2";
				TEST_HOST = "$(BUILT_PRODUCTS_DIR)/Flix.app/Flix";
			};
			name = Debug;
		};
		13571D772683911200C36DEA /* Release */ = {
			isa = XCBuildConfiguration;
			buildSettings = {
				BUNDLE_LOADER = "$(TEST_HOST)";
				CODE_SIGN_STYLE = Automatic;
				DEVELOPMENT_TEAM = 94T6QT5MUW;
				INFOPLIST_FILE = FlixTests/Info.plist;
				IPHONEOS_DEPLOYMENT_TARGET = 14.5;
				LD_RUNPATH_SEARCH_PATHS = (
					"$(inherited)",
					"@executable_path/Frameworks",
					"@loader_path/Frameworks",
				);
				PRODUCT_BUNDLE_IDENTIFIER = com.zavien.FlixTests;
				PRODUCT_NAME = "$(TARGET_NAME)";
				TARGETED_DEVICE_FAMILY = "1,2";
				TEST_HOST = "$(BUILT_PRODUCTS_DIR)/Flix.app/Flix";
			};
			name = Release;
		};
		13571D792683911200C36DEA /* Debug */ = {
			isa = XCBuildConfiguration;
			buildSettings = {
				CODE_SIGN_STYLE = Automatic;
				DEVELOPMENT_TEAM = 94T6QT5MUW;
				INFOPLIST_FILE = FlixUITests/Info.plist;
				LD_RUNPATH_SEARCH_PATHS = (
					"$(inherited)",
					"@executable_path/Frameworks",
					"@loader_path/Frameworks",
				);
				PRODUCT_BUNDLE_IDENTIFIER = com.zavien.FlixUITests;
				PRODUCT_NAME = "$(TARGET_NAME)";
				TARGETED_DEVICE_FAMILY = "1,2";
				TEST_TARGET_NAME = Flix;
			};
			name = Debug;
		};
		13571D7A2683911200C36DEA /* Release */ = {
			isa = XCBuildConfiguration;
			buildSettings = {
				CODE_SIGN_STYLE = Automatic;
				DEVELOPMENT_TEAM = 94T6QT5MUW;
				INFOPLIST_FILE = FlixUITests/Info.plist;
				LD_RUNPATH_SEARCH_PATHS = (
					"$(inherited)",
					"@executable_path/Frameworks",
					"@loader_path/Frameworks",
				);
				PRODUCT_BUNDLE_IDENTIFIER = com.zavien.FlixUITests;
				PRODUCT_NAME = "$(TARGET_NAME)";
				TARGETED_DEVICE_FAMILY = "1,2";
				TEST_TARGET_NAME = Flix;
			};
			name = Release;
		};
/* End XCBuildConfiguration section */

/* Begin XCConfigurationList section */
		13571D3E2683911100C36DEA /* Build configuration list for PBXProject "Flix" */ = {
			isa = XCConfigurationList;
			buildConfigurations = (
				13571D702683911200C36DEA /* Debug */,
				13571D712683911200C36DEA /* Release */,
			);
			defaultConfigurationIsVisible = 0;
			defaultConfigurationName = Release;
		};
		13571D722683911200C36DEA /* Build configuration list for PBXNativeTarget "Flix" */ = {
			isa = XCConfigurationList;
			buildConfigurations = (
				13571D732683911200C36DEA /* Debug */,
				13571D742683911200C36DEA /* Release */,
			);
			defaultConfigurationIsVisible = 0;
			defaultConfigurationName = Release;
		};
		13571D752683911200C36DEA /* Build configuration list for PBXNativeTarget "FlixTests" */ = {
			isa = XCConfigurationList;
			buildConfigurations = (
				13571D762683911200C36DEA /* Debug */,
				13571D772683911200C36DEA /* Release */,
			);
			defaultConfigurationIsVisible = 0;
			defaultConfigurationName = Release;
		};
		13571D782683911200C36DEA /* Build configuration list for PBXNativeTarget "FlixUITests" */ = {
			isa = XCConfigurationList;
			buildConfigurations = (
				13571D792683911200C36DEA /* Debug */,
				13571D7A2683911200C36DEA /* Release */,
			);
			defaultConfigurationIsVisible = 0;
			defaultConfigurationName = Release;
		};
/* End XCConfigurationList section */
	};
	rootObject = 13571D3B2683911100C36DEA /* Project object */;
}
